{
  "name": "nodecg-peachhack-lowerthirds",
  "version": "0.0.0",
  "lockfileVersion": 1,
  "requires": true,
  "dependencies": {
    "bulma": {
      "version": "0.7.1",
      "resolved": "https://registry.npmjs.org/bulma/-/bulma-0.7.1.tgz",
      "integrity": "sha512-wRSO2LXB+qI9Pyz2id+uZr4quz5aftSN7Ay1ysr1+krzVp3utD+Ci4CeKuZdrYGc800t65b7heXBL6qw2Wo/lQ=="
    },
    "gsap": {
      "version": "2.0.1",
      "resolved": "https://registry.npmjs.org/gsap/-/gsap-2.0.1.tgz",
      "integrity": "sha512-qxkO/cwLXltcK9xL3bgXlw3WXrkJsbiRY7HcqoeFzT0lizDyTG8XU2iQ5xAOXo9MJMKIYURFLQN1IHOVaLORLA=="
    }
  }
}
